
Microsoft Visual Studio Solution File, Format Version 12.00
# Visual Studio 14
VisualStudioVersion = 14.0.23107.0
MinimumVisualStudioVersion = 10.0.40219.1
Project("{8BC9CEB8-8B4A-11D0-8D11-00A0C91BC942}") = "3장", "3장\3장.vcxproj", "{E243C328-D61A-4E84-AE31-39048727B934}"
EndProject
Project("{8BC9CEB8-8B4A-11D0-8D11-00A0C91BC942}") = "4장", "4장\4장.vcxproj", "{FD1C4263-2140-4A1D-8ABA-F9A0CB7FA3CA}"
EndProject
Global
	GlobalSection(SolutionConfigurationPlatforms) = preSolution
		Debug|x64 = Debug|x64
		Debug|x86 = Debug|x86
		Release|x64 = Release|x64
		Release|x86 = Release|x86
	EndGlobalSection
	GlobalSection(ProjectConfigurationPlatforms) = postSolution
		{E243C328-D61A-4E84-AE31-39048727B934}.Debug|x64.ActiveCfg = Debug|x64
		{E243C328-D61A-4E84-AE31-39048727B934}.Debug|x64.Build.0 = Debug|x64
		{E243C328-D61A-4E84-AE31-39048727B934}.Debug|x86.ActiveCfg = Debug|Win32
		{E243C328-D61A-4E84-AE31-39048727B934}.Debug|x86.Build.0 = Debug|Win32
		{E243C328-D61A-4E84-AE31-39048727B934}.Release|x64.ActiveCfg = Release|x64
		{E243C328-D61A-4E84-AE31-39048727B934}.Release|x64.Build.0 = Release|x64
		{E243C328-D61A-4E84-AE31-39048727B934}.Release|x86.ActiveCfg = Release|Win32
		{E243C328-D61A-4E84-AE31-39048727B934}.Release|x86.Build.0 = Release|Win32
		{FD1C4263-2140-4A1D-8ABA-F9A0CB7FA3CA}.Debug|x64.ActiveCfg = Debug|x64
		{FD1C4263-2140-4A1D-8ABA-F9A0CB7FA3CA}.Debug|x64.Build.0 = Debug|x64
		{FD1C4263-2140-4A1D-8ABA-F9A0CB7FA3CA}.Debug|x86.ActiveCfg = Debug|Win32
		{FD1C4263-2140-4A1D-8ABA-F9A0CB7FA3CA}.Debug|x86.Build.0 = Debug|Win32
		{FD1C4263-2140-4A1D-8ABA-F9A0CB7FA3CA}.Release|x64.ActiveCfg = Release|x64
		{FD1C4263-2140-4A1D-8ABA-F9A0CB7FA3CA}.Release|x64.Build.0 = Release|x64
		{FD1C4263-2140-4A1D-8ABA-F9A0CB7FA3CA}.Release|x86.ActiveCfg = Release|Win32
		{FD1C4263-2140-4A1D-8ABA-F9A0CB7FA3CA}.Release|x86.Build.0 = Release|Win32
	EndGlobalSection
	GlobalSection(SolutionProperties) = preSolution
		HideSolutionNode = FALSE
	EndGlobalSection
EndGlobal
