
Microsoft Visual Studio Solution File, Format Version 11.00
# Visual C++ Express 2010
Project("{8BC9CEB8-8B4A-11D0-8D11-00A0C91BC942}") = "과제", "과제\과제.vcxproj", "{B74E56E9-7179-4F23-989F-60860E0B838E}"
EndProject
Global
	GlobalSection(SolutionConfigurationPlatforms) = preSolution
		Debug|Win32 = Debug|Win32
		Release|Win32 = Release|Win32
	EndGlobalSection
	GlobalSection(ProjectConfigurationPlatforms) = postSolution
		{B74E56E9-7179-4F23-989F-60860E0B838E}.Debug|Win32.ActiveCfg = Debug|Win32
		{B74E56E9-7179-4F23-989F-60860E0B838E}.Debug|Win32.Build.0 = Debug|Win32
		{B74E56E9-7179-4F23-989F-60860E0B838E}.Release|Win32.ActiveCfg = Release|Win32
		{B74E56E9-7179-4F23-989F-60860E0B838E}.Release|Win32.Build.0 = Release|Win32
	EndGlobalSection
	GlobalSection(SolutionProperties) = preSolution
		HideSolutionNode = FALSE
	EndGlobalSection
EndGlobal
