
Microsoft Visual Studio Solution File, Format Version 11.00
# Visual C++ Express 2010
Project("{8BC9CEB8-8B4A-11D0-8D11-00A0C91BC942}") = "151007", "151007\151007.vcxproj", "{88D66903-BDA4-4760-8D0C-0C2829121801}"
EndProject
Global
	GlobalSection(SolutionConfigurationPlatforms) = preSolution
		Debug|Win32 = Debug|Win32
		Release|Win32 = Release|Win32
	EndGlobalSection
	GlobalSection(ProjectConfigurationPlatforms) = postSolution
		{88D66903-BDA4-4760-8D0C-0C2829121801}.Debug|Win32.ActiveCfg = Debug|Win32
		{88D66903-BDA4-4760-8D0C-0C2829121801}.Debug|Win32.Build.0 = Debug|Win32
		{88D66903-BDA4-4760-8D0C-0C2829121801}.Release|Win32.ActiveCfg = Release|Win32
		{88D66903-BDA4-4760-8D0C-0C2829121801}.Release|Win32.Build.0 = Release|Win32
	EndGlobalSection
	GlobalSection(SolutionProperties) = preSolution
		HideSolutionNode = FALSE
	EndGlobalSection
EndGlobal
